Microsoft Visual Studio Solution File, Format Version 11.00
# Visual Studio 2010
Project("{FAE04EC0-301F-11D3-BF4B-00C04F79EFBC}") = "Fungus", "Fungus.csproj", "{200E9B1C-83B5-C9EE-FB89-2C6BD7DBEBE0}"
EndProject
Project("{FAE04EC0-301F-11D3-BF4B-00C04F79EFBC}") = "Assembly-CSharp", "Assembly-CSharp.csproj", "{684D5790-9B2C-4572-1AF6-E738C3D5FD9D}"
EndProject
Project("{FAE04EC0-301F-11D3-BF4B-00C04F79EFBC}") = "Assembly-CSharp-firstpass", "Assembly-CSharp-firstpass.csproj", "{1C2CD781-3E0B-BFF7-279B-52B4B1C2A06C}"
EndProject
Project("{FAE04EC0-301F-11D3-BF4B-00C04F79EFBC}") = "FungusEditor", "FungusEditor.csproj", "{D3DE34D7-9543-03E6-3952-08143B0522A9}"
EndProject
Project("{FAE04EC0-301F-11D3-BF4B-00C04F79EFBC}") = "Assembly-CSharp-Editor", "Assembly-CSharp-Editor.csproj", "{6E05C705-3DCB-F072-AD48-17CE1F0B0E31}"
EndProject
Project("{FAE04EC0-301F-11D3-BF4B-00C04F79EFBC}") = "Fungus.FungusLuaEditor", "Fungus.FungusLuaEditor.csproj", "{BAD382CE-524C-0A8F-99F5-C53A5826BBE1}"
EndProject
Project("{FAE04EC0-301F-11D3-BF4B-00C04F79EFBC}") = "Fungus.LineEndingsEditor", "Fungus.LineEndingsEditor.csproj", "{358BB5EE-CD83-54C9-FD6E-4355FD519790}"
EndProject
Project("{FAE04EC0-301F-11D3-BF4B-00C04F79EFBC}") = "Fungus.UsfxrEditor", "Fungus.UsfxrEditor.csproj", "{214A1C31-EFBA-FA05-6BE5-800107550C94}"
EndProject
Global
	GlobalSection(SolutionConfigurationPlatforms) = preSolution
		Debug|Any CPU = Debug|Any CPU
		Release|Any CPU = Release|Any CPU
	EndGlobalSection
	GlobalSection(ProjectConfigurationPlatforms) = postSolution
		{200E9B1C-83B5-C9EE-FB89-2C6BD7DBEBE0}.Debug|Any CPU.ActiveCfg = Debug|Any CPU
		{200E9B1C-83B5-C9EE-FB89-2C6BD7DBEBE0}.Debug|Any CPU.Build.0 = Debug|Any CPU
		{200E9B1C-83B5-C9EE-FB89-2C6BD7DBEBE0}.Release|Any CPU.ActiveCfg = Release|Any CPU
		{200E9B1C-83B5-C9EE-FB89-2C6BD7DBEBE0}.Release|Any CPU.Build.0 = Release|Any CPU
		{684D5790-9B2C-4572-1AF6-E738C3D5FD9D}.Debug|Any CPU.ActiveCfg = Debug|Any CPU
		{684D5790-9B2C-4572-1AF6-E738C3D5FD9D}.Debug|Any CPU.Build.0 = Debug|Any CPU
		{684D5790-9B2C-4572-1AF6-E738C3D5FD9D}.Release|Any CPU.ActiveCfg = Release|Any CPU
		{684D5790-9B2C-4572-1AF6-E738C3D5FD9D}.Release|Any CPU.Build.0 = Release|Any CPU
		{1C2CD781-3E0B-BFF7-279B-52B4B1C2A06C}.Debug|Any CPU.ActiveCfg = Debug|Any CPU
		{1C2CD781-3E0B-BFF7-279B-52B4B1C2A06C}.Debug|Any CPU.Build.0 = Debug|Any CPU
		{1C2CD781-3E0B-BFF7-279B-52B4B1C2A06C}.Release|Any CPU.ActiveCfg = Release|Any CPU
		{1C2CD781-3E0B-BFF7-279B-52B4B1C2A06C}.Release|Any CPU.Build.0 = Release|Any CPU
		{D3DE34D7-9543-03E6-3952-08143B0522A9}.Debug|Any CPU.ActiveCfg = Debug|Any CPU
		{D3DE34D7-9543-03E6-3952-08143B0522A9}.Debug|Any CPU.Build.0 = Debug|Any CPU
		{D3DE34D7-9543-03E6-3952-08143B0522A9}.Release|Any CPU.ActiveCfg = Release|Any CPU
		{D3DE34D7-9543-03E6-3952-08143B0522A9}.Release|Any CPU.Build.0 = Release|Any CPU
		{6E05C705-3DCB-F072-AD48-17CE1F0B0E31}.Debug|Any CPU.ActiveCfg = Debug|Any CPU
		{6E05C705-3DCB-F072-AD48-17CE1F0B0E31}.Debug|Any CPU.Build.0 = Debug|Any CPU
		{6E05C705-3DCB-F072-AD48-17CE1F0B0E31}.Release|Any CPU.ActiveCfg = Release|Any CPU
		{6E05C705-3DCB-F072-AD48-17CE1F0B0E31}.Release|Any CPU.Build.0 = Release|Any CPU
		{BAD382CE-524C-0A8F-99F5-C53A5826BBE1}.Debug|Any CPU.ActiveCfg = Debug|Any CPU
		{BAD382CE-524C-0A8F-99F5-C53A5826BBE1}.Debug|Any CPU.Build.0 = Debug|Any CPU
		{BAD382CE-524C-0A8F-99F5-C53A5826BBE1}.Release|Any CPU.ActiveCfg = Release|Any CPU
		{BAD382CE-524C-0A8F-99F5-C53A5826BBE1}.Release|Any CPU.Build.0 = Release|Any CPU
		{358BB5EE-CD83-54C9-FD6E-4355FD519790}.Debug|Any CPU.ActiveCfg = Debug|Any CPU
		{358BB5EE-CD83-54C9-FD6E-4355FD519790}.Debug|Any CPU.Build.0 = Debug|Any CPU
		{358BB5EE-CD83-54C9-FD6E-4355FD519790}.Release|Any CPU.ActiveCfg = Release|Any CPU
		{358BB5EE-CD83-54C9-FD6E-4355FD519790}.Release|Any CPU.Build.0 = Release|Any CPU
		{214A1C31-EFBA-FA05-6BE5-800107550C94}.Debug|Any CPU.ActiveCfg = Debug|Any CPU
		{214A1C31-EFBA-FA05-6BE5-800107550C94}.Debug|Any CPU.Build.0 = Debug|Any CPU
		{214A1C31-EFBA-FA05-6BE5-800107550C94}.Release|Any CPU.ActiveCfg = Release|Any CPU
		{214A1C31-EFBA-FA05-6BE5-800107550C94}.Release|Any CPU.Build.0 = Release|Any CPU
	EndGlobalSection
	GlobalSection(SolutionProperties) = preSolution
		HideSolutionNode = FALSE
	EndGlobalSection
EndGlobal
